PODS:
  - Capacitor (7.6.0):
    - CapacitorCordova
  - CapacitorCordova (7.6.0)
  - CapacitorPushNotifications (7.0.6):
    - Capacitor

DEPENDENCIES:
  - "Capacitor (from `../../../../node_modules/.bun/@capacitor+ios@7.6.0+49675fcae9c66213/node_modules/@capacitor/ios`)"
  - "CapacitorCordova (from `../../../../node_modules/.bun/@capacitor+ios@7.6.0+49675fcae9c66213/node_modules/@capacitor/ios`)"
  - "CapacitorPushNotifications (from `../../../../node_modules/.bun/@capacitor+push-notifications@7.0.6+49675fcae9c66213/node_modules/@capacitor/push-notifications`)"

EXTERNAL SOURCES:
  Capacitor:
    :path: "../../../../node_modules/.bun/@capacitor+ios@7.6.0+49675fcae9c66213/node_modules/@capacitor/ios"
  CapacitorCordova:
    :path: "../../../../node_modules/.bun/@capacitor+ios@7.6.0+49675fcae9c66213/node_modules/@capacitor/ios"
  CapacitorPushNotifications:
    :path: "../../../../node_modules/.bun/@capacitor+push-notifications@7.0.6+49675fcae9c66213/node_modules/@capacitor/push-notifications"

SPEC CHECKSUMS:
  Capacitor: 6e644e9e3369368ac601c77a0fad57f34b78aaa6
  CapacitorCordova: f163aa2e84b79efc54d6a75b305bc7e05fb80c5d
  CapacitorPushNotifications: b8e30637549ce91468b8c4dddbef2657be831f4c

PODFILE CHECKSUM: d7c33ed16ddb0890e75d42101adc38b9c8f5271d

COCOAPODS: 1.16.2
